// !$*UTF8*$!
{
	archiveVersion = 1;
	classes = {
	};
	objectVersion = 50;
	objects = {

/* Begin PBXBuildFile section */
		9645DB2125DAA9470099B8BC /* AppDelegate.swift in Sources */ = {isa = PBXBuildFile; fileRef = 9645DB2025DAA9470099B8BC /* AppDelegate.swift */; };
		9645DB2325DAA9470099B8BC /* SceneDelegate.swift in Sources */ = {isa = PBXBuildFile; fileRef = 9645DB2225DAA9470099B8BC /* SceneDelegate.swift */; };
		9645DB2525DAA9470099B8BC /* ViewController.swift in Sources */ = {isa = PBXBuildFile; fileRef = 9645DB2425DAA9470099B8BC /* ViewController.swift */; };
		9645DB2825DAA9470099B8BC /* Main.storyboard in Resources */ = {isa = PBXBuildFile; fileRef = 9645DB2625DAA9470099B8BC /* Main.storyboard */; };
		9645DB2A25DAA9480099B8BC /* Assets.xcassets in Resources */ = {isa = PBXBuildFile; fileRef = 9645DB2925DAA9480099B8BC /* Assets.xcassets */; };
		9645DB2D25DAA9480099B8BC /* LaunchScreen.storyboard in Resources */ = {isa = PBXBuildFile; fileRef = 9645DB2B25DAA9480099B8BC /* LaunchScreen.storyboard */; };
		9645DB3825DAA9490099B8BC /* GyroSensorGameSampleTests.swift in Sources */ = {isa = PBXBuildFile; fileRef = 9645DB3725DAA9490099B8BC /* GyroSensorGameSampleTests.swift */; };
		9645DB4325DAA9490099B8BC /* GyroSensorGameSampleUITests.swift in Sources */ = {isa = PBXBuildFile; fileRef = 9645DB4225DAA9490099B8BC /* GyroSensorGameSampleUITests.swift */; };
/* End PBXBuildFile section */

/* Begin PBXContainerItemProxy section */
		9645DB3425DAA9490099B8BC /* PBXContainerItemProxy */ = {
			isa = PBXContainerItemProxy;
			containerPortal = 9645DB1525DAA9470099B8BC /* Project object */;
			proxyType = 1;
			remoteGlobalIDString = 9645DB1C25DAA9470099B8BC;
			remoteInfo = GyroSensorGameSample;
		};
		9645DB3F25DAA9490099B8BC /* PBXContainerItemProxy */ = {
			isa = PBXContainerItemProxy;
			containerPortal = 9645DB1525DAA9470099B8BC /* Project object */;
			proxyType = 1;
			remoteGlobalIDString = 9645DB1C25DAA9470099B8BC;
			remoteInfo = GyroSensorGameSample;
		};
/* End PBXContainerItemProxy section */

/* Begin PBXFileReference section */
		9645DB1D25DAA9470099B8BC /* GyroSensorGameSample.app */ = {isa = PBXFileReference; explicitFileType = wrapper.application; includeInIndex = 0; path = GyroSensorGameSample.app; sourceTree = BUILT_PRODUCTS_DIR; };
		9645DB2025DAA9470099B8BC /* AppDelegate.swift */ = {isa = PBXFileReference; lastKnownFileType = sourcecode.swift; path = AppDelegate.swift; sourceTree = "<group>"; };
		9645DB2225DAA9470099B8BC /* SceneDelegate.swift */ = {isa = PBXFileReference; lastKnownFileType = sourcecode.swift; path = SceneDelegate.swift; sourceTree = "<group>"; };
		9645DB2425DAA9470099B8BC /* ViewController.swift */ = {isa = PBXFileReference; lastKnownFileType = sourcecode.swift; path = ViewController.swift; sourceTree = "<group>"; };
		9645DB2725DAA9470099B8BC /* Base */ = {isa = PBXFileReference; lastKnownFileType = file.storyboard; name = Base; path = Base.lproj/Main.storyboard; sourceTree = "<group>"; };
		9645DB2925DAA9480099B8BC /* Assets.xcassets */ = {isa = PBXFileReference; lastKnownFileType = folder.assetcatalog; path = Assets.xcassets; sourceTree = "<group>"; };
		9645DB2C25DAA9480099B8BC /* Base */ = {isa = PBXFileReference; lastKnownFileType = file.storyboard; name = Base; path = Base.lproj/LaunchScreen.storyboard; sourceTree = "<group>"; };
		9645DB2E25DAA9480099B8BC /* Info.plist */ = {isa = PBXFileReference; lastKnownFileType = text.plist.xml; path = Info.plist; sourceTree = "<group>"; };
		9645DB3325DAA9490099B8BC /* GyroSensorGameSampleTests.xctest */ = {isa = PBXFileReference; explicitFileType = wrapper.cfbundle; includeInIndex = 0; path = GyroSensorGameSampleTests.xctest; sourceTree = BUILT_PRODUCTS_DIR; };
		9645DB3725DAA9490099B8BC /* GyroSensorGameSampleTests.swift */ = {isa = PBXFileReference; lastKnownFileType = sourcecode.swift; path = GyroSensorGameSampleTests.swift; sourceTree = "<group>"; };
		9645DB3925DAA9490099B8BC /* Info.plist */ = {isa = PBXFileReference; lastKnownFileType = text.plist.xml; path = Info.plist; sourceTree = "<group>"; };
		9645DB3E25DAA9490099B8BC /* GyroSensorGameSampleUITests.xctest */ = {isa = PBXFileReference; explicitFileType = wrapper.cfbundle; includeInIndex = 0; path = GyroSensorGameSampleUITests.xctest; sourceTree = BUILT_PRODUCTS_DIR; };
		9645DB4225DAA9490099B8BC /* GyroSensorGameSampleUITests.swift */ = {isa = PBXFileReference; lastKnownFileType = sourcecode.swift; path = GyroSensorGameSampleUITests.swift; sourceTree = "<group>"; };
		9645DB4425DAA9490099B8BC /* Info.plist */ = {isa = PBXFileReference; lastKnownFileType = text.plist.xml; path = Info.plist; sourceTree = "<group>"; };
/* End PBXFileReference section */

/* Begin PBXFrameworksBuildPhase section */
		9645DB1A25DAA9470099B8BC /* Frameworks */ = {
			isa = PBXFrameworksBuildPhase;
			buildActionMask = 2147483647;
			files = (
			);
			runOnlyForDeploymentPostprocessing = 0;
		};
		9645DB3025DAA9490099B8BC /* Frameworks */ = {
			isa = PBXFrameworksBuildPhase;
			buildActionMask = 2147483647;
			files = (
			);
			runOnlyForDeploymentPostprocessing = 0;
		};
		9645DB3B25DAA9490099B8BC /* Frameworks */ = {
			isa = PBXFrameworksBuildPhase;
			buildActionMask = 2147483647;
			files = (
			);
			runOnlyForDeploymentPostprocessing = 0;
		};
/* End PBXFrameworksBuildPhase section */

/* Begin PBXGroup section */
		9645DB1425DAA9470099B8BC = {
			isa = PBXGroup;
			children = (
				9645DB1F25DAA9470099B8BC /* GyroSensorGameSample */,
				9645DB3625DAA9490099B8BC /* GyroSensorGameSampleTests */,
				9645DB4125DAA9490099B8BC /* GyroSensorGameSampleUITests */,
				9645DB1E25DAA9470099B8BC /* Products */,
			);
			sourceTree = "<group>";
		};
		9645DB1E25DAA9470099B8BC /* Products */ = {
			isa = PBXGroup;
			children = (
				9645DB1D25DAA9470099B8BC /* GyroSensorGameSample.app */,
				9645DB3325DAA9490099B8BC /* GyroSensorGameSampleTests.xctest */,
				9645DB3E25DAA9490099B8BC /* GyroSensorGameSampleUITests.xctest */,
			);
			name = Products;
			sourceTree = "<group>";
		};
		9645DB1F25DAA9470099B8BC /* GyroSensorGameSample */ = {
			isa = PBXGroup;
			children = (
				9645DB2025DAA9470099B8BC /* AppDelegate.swift */,
				9645DB2225DAA9470099B8BC /* SceneDelegate.swift */,
				9645DB2425DAA9470099B8BC /* ViewController.swift */,
				9645DB2625DAA9470099B8BC /* Main.storyboard */,
				9645DB2925DAA9480099B8BC /* Assets.xcassets */,
				9645DB2B25DAA9480099B8BC /* LaunchScreen.storyboard */,
				9645DB2E25DAA9480099B8BC /* Info.plist */,
			);
			path = GyroSensorGameSample;
			sourceTree = "<group>";
		};
		9645DB3625DAA9490099B8BC /* GyroSensorGameSampleTests */ = {
			isa = PBXGroup;
			children = (
				9645DB3725DAA9490099B8BC /* GyroSensorGameSampleTests.swift */,
				9645DB3925DAA9490099B8BC /* Info.plist */,
			);
			path = GyroSensorGameSampleTests;
			sourceTree = "<group>";
		};
		9645DB4125DAA9490099B8BC /* GyroSensorGameSampleUITests */ = {
			isa = PBXGroup;
			children = (
				9645DB4225DAA9490099B8BC /* GyroSensorGameSampleUITests.swift */,
				9645DB4425DAA9490099B8BC /* Info.plist */,
			);
			path = GyroSensorGameSampleUITests;
			sourceTree = "<group>";
		};
/* End PBXGroup section */

/* Begin PBXNativeTarget section */
		9645DB1C25DAA9470099B8BC /* GyroSensorGameSample */ = {
			isa = PBXNativeTarget;
			buildConfigurationList = 9645DB4725DAA9490099B8BC /* Build configuration list for PBXNativeTarget "GyroSensorGameSample" */;
			buildPhases = (
				9645DB1925DAA9470099B8BC /* Sources */,
				9645DB1A25DAA9470099B8BC /* Frameworks */,
				9645DB1B25DAA9470099B8BC /* Resources */,
			);
			buildRules = (
			);
			dependencies = (
			);
			name = GyroSensorGameSample;
			productName = GyroSensorGameSample;
			productReference = 9645DB1D25DAA9470099B8BC /* GyroSensorGameSample.app */;
			productType = "com.apple.product-type.application";
		};
		9645DB3225DAA9490099B8BC /* GyroSensorGameSampleTests */ = {
			isa = PBXNativeTarget;
			buildConfigurationList = 9645DB4A25DAA9490099B8BC /* Build configuration list for PBXNativeTarget "GyroSensorGameSampleTests" */;
			buildPhases = (
				9645DB2F25DAA9490099B8BC /* Sources */,
				9645DB3025DAA9490099B8BC /* Frameworks */,
				9645DB3125DAA9490099B8BC /* Resources */,
			);
			buildRules = (
			);
			dependencies = (
				9645DB3525DAA9490099B8BC /* PBXTargetDependency */,
			);
			name = GyroSensorGameSampleTests;
			productName = GyroSensorGameSampleTests;
			productReference = 9645DB3325DAA9490099B8BC /* GyroSensorGameSampleTests.xctest */;
			productType = "com.apple.product-type.bundle.unit-test";
		};
		9645DB3D25DAA9490099B8BC /* GyroSensorGameSampleUITests */ = {
			isa = PBXNativeTarget;
			buildConfigurationList = 9645DB4D25DAA9490099B8BC /* Build configuration list for PBXNativeTarget "GyroSensorGameSampleUITests" */;
			buildPhases = (
				9645DB3A25DAA9490099B8BC /* Sources */,
				9645DB3B25DAA9490099B8BC /* Frameworks */,
				9645DB3C25DAA9490099B8BC /* Resources */,
			);
			buildRules = (
			);
			dependencies = (
				9645DB4025DAA9490099B8BC /* PBXTargetDependency */,
			);
			name = GyroSensorGameSampleUITests;
			productName = GyroSensorGameSampleUITests;
			productReference = 9645DB3E25DAA9490099B8BC /* GyroSensorGameSampleUITests.xctest */;
			productType = "com.apple.product-type.bundle.ui-testing";
		};
/* End PBXNativeTarget section */

/* Begin PBXProject section */
		9645DB1525DAA9470099B8BC /* Project object */ = {
			isa = PBXProject;
			attributes = {
				LastSwiftUpdateCheck = 1240;
				LastUpgradeCheck = 1240;
				TargetAttributes = {
					9645DB1C25DAA9470099B8BC = {
						CreatedOnToolsVersion = 12.4;
					};
					9645DB3225DAA9490099B8BC = {
						CreatedOnToolsVersion = 12.4;
						TestTargetID = 9645DB1C25DAA9470099B8BC;
					};
					9645DB3D25DAA9490099B8BC = {
						CreatedOnToolsVersion = 12.4;
						TestTargetID = 9645DB1C25DAA9470099B8BC;
					};
				};
			};
			buildConfigurationList = 9645DB1825DAA9470099B8BC /* Build configuration list for PBXProject "GyroSensorGameSample" */;
			compatibilityVersion = "Xcode 9.3";
			developmentRegion = en;
			hasScannedForEncodings = 0;
			knownRegions = (
				en,
				Base,
			);
			mainGroup = 9645DB1425DAA9470099B8BC;
			productRefGroup = 9645DB1E25DAA9470099B8BC /* Products */;
			projectDirPath = "";
			projectRoot = "";
			targets = (
				9645DB1C25DAA9470099B8BC /* GyroSensorGameSample */,
				9645DB3225DAA9490099B8BC /* GyroSensorGameSampleTests */,
				9645DB3D25DAA9490099B8BC /* GyroSensorGameSampleUITests */,
			);
		};
/* End PBXProject section */

/* Begin PBXResourcesBuildPhase section */
		9645DB1B25DAA9470099B8BC /* Resources */ = {
			isa = PBXResourcesBuildPhase;
			buildActionMask = 2147483647;
			files = (
				9645DB2D25DAA9480099B8BC /* LaunchScreen.storyboard in Resources */,
				9645DB2A25DAA9480099B8BC /* Assets.xcassets in Resources */,
				9645DB2825DAA9470099B8BC /* Main.storyboard in Resources */,
			);
			runOnlyForDeploymentPostprocessing = 0;
		};
		9645DB3125DAA9490099B8BC /* Resources */ = {
			isa = PBXResourcesBuildPhase;
			buildActionMask = 2147483647;
			files = (
			);
			runOnlyForDeploymentPostprocessing = 0;
		};
		9645DB3C25DAA9490099B8BC /* Resources */ = {
			isa = PBXResourcesBuildPhase;
			buildActionMask = 2147483647;
			files = (
			);
			runOnlyForDeploymentPostprocessing = 0;
		};
/* End PBXResourcesBuildPhase section */

/* Begin PBXSourcesBuildPhase section */
		9645DB1925DAA9470099B8BC /* Sources */ = {
			isa = PBXSourcesBuildPhase;
			buildActionMask = 2147483647;
			files = (
				9645DB2525DAA9470099B8BC /* ViewController.swift in Sources */,
				9645DB2125DAA9470099B8BC /* AppDelegate.swift in Sources */,
				9645DB2325DAA9470099B8BC /* SceneDelegate.swift in Sources */,
			);
			runOnlyForDeploymentPostprocessing = 0;
		};
		9645DB2F25DAA9490099B8BC /* Sources */ = {
			isa = PBXSourcesBuildPhase;
			buildActionMask = 2147483647;
			files = (
				9645DB3825DAA9490099B8BC /* GyroSensorGameSampleTests.swift in Sources */,
			);
			runOnlyForDeploymentPostprocessing = 0;
		};
		9645DB3A25DAA9490099B8BC /* Sources */ = {
			isa = PBXSourcesBuildPhase;
			buildActionMask = 2147483647;
			files = (
				9645DB4325DAA9490099B8BC /* GyroSensorGameSampleUITests.swift in Sources */,
			);
			runOnlyForDeploymentPostprocessing = 0;
		};
/* End PBXSourcesBuildPhase section */

/* Begin PBXTargetDependency section */
		9645DB3525DAA9490099B8BC /* PBXTargetDependency */ = {
			isa = PBXTargetDependency;
			target = 9645DB1C25DAA9470099B8BC /* GyroSensorGameSample */;
			targetProxy = 9645DB3425DAA9490099B8BC /* PBXContainerItemProxy */;
		};
		9645DB4025DAA9490099B8BC /* PBXTargetDependency */ = {
			isa = PBXTargetDependency;
			target = 9645DB1C25DAA9470099B8BC /* GyroSensorGameSample */;
			targetProxy = 9645DB3F25DAA9490099B8BC /* PBXContainerItemProxy */;
		};
/* End PBXTargetDependency section */

/* Begin PBXVariantGroup section */
		9645DB2625DAA9470099B8BC /* Main.storyboard */ = {
			isa = PBXVariantGroup;
			children = (
				9645DB2725DAA9470099B8BC /* Base */,
			);
			name = Main.storyboard;
			sourceTree = "<group>";
		};
		9645DB2B25DAA9480099B8BC /* LaunchScreen.storyboard */ = {
			isa = PBXVariantGroup;
			children = (
				9645DB2C25DAA9480099B8BC /* Base */,
			);
			name = LaunchScreen.storyboard;
			sourceTree = "<group>";
		};
/* End PBXVariantGroup section */

/* Begin XCBuildConfiguration section */
		9645DB4525DAA9490099B8BC /* Debug */ = {
			isa = XCBuildConfiguration;
			buildSettings = {
				ALWAYS_SEARCH_USER_PATHS = NO;
				CLANG_ANALYZER_NONNULL = YES;
				CLANG_ANALYZER_NUMBER_OBJECT_CONVERSION = YES_AGGRESSIVE;
				CLANG_CXX_LANGUAGE_STANDARD = "gnu++14";
				CLANG_CXX_LIBRARY = "libc++";
				CLANG_ENABLE_MODULES = YES;
				CLANG_ENABLE_OBJC_ARC = YES;
				CLANG_ENABLE_OBJC_WEAK = YES;
				CLANG_WARN_BLOCK_CAPTURE_AUTORELEASING = YES;
				CLANG_WARN_BOOL_CONVERSION = YES;
				CLANG_WARN_COMMA = YES;
				CLANG_WARN_CONSTANT_CONVERSION = YES;
				CLANG_WARN_DEPRECATED_OBJC_IMPLEMENTATIONS = YES;
				CLANG_WARN_DIRECT_OBJC_ISA_USAGE = YES_ERROR;
				CLANG_WARN_DOCUMENTATION_COMMENTS = YES;
				CLANG_WARN_EMPTY_BODY = YES;
				CLANG_WARN_ENUM_CONVERSION = YES;
				CLANG_WARN_INFINITE_RECURSION = YES;
				CLANG_WARN_INT_CONVERSION = YES;
				CLANG_WARN_NON_LITERAL_NULL_CONVERSION = YES;
				CLANG_WARN_OBJC_IMPLICIT_RETAIN_SELF = YES;
				CLANG_WARN_OBJC_LITERAL_CONVERSION = YES;
				CLANG_WARN_OBJC_ROOT_CLASS = YES_ERROR;
				CLANG_WARN_QUOTED_INCLUDE_IN_FRAMEWORK_HEADER = YES;
				CLANG_WARN_RANGE_LOOP_ANALYSIS = YES;
				CLANG_WARN_STRICT_PROTOTYPES = YES;
				CLANG_WARN_SUSPICIOUS_MOVE = YES;
				CLANG_WARN_UNGUARDED_AVAILABILITY = YES_AGGRESSIVE;
				CLANG_WARN_UNREACHABLE_CODE = YES;
				CLANG_WARN__DUPLICATE_METHOD_MATCH = YES;
				COPY_PHASE_STRIP = NO;
				DEBUG_INFORMATION_FORMAT = dwarf;
				ENABLE_STRICT_OBJC_MSGSEND = YES;
				ENABLE_TESTABILITY = YES;
				GCC_C_LANGUAGE_STANDARD = gnu11;
				GCC_DYNAMIC_NO_PIC = NO;
				GCC_NO_COMMON_BLOCKS = YES;
				GCC_OPTIMIZATION_LEVEL = 0;
				GCC_PREPROCESSOR_DEFINITIONS = (
					"DEBUG=1",
					"$(inherited)",
				);
				GCC_WARN_64_TO_32_BIT_CONVERSION = YES;
				GCC_WARN_ABOUT_RETURN_TYPE = YES_ERROR;
				GCC_WARN_UNDECLARED_SELECTOR = YES;
				GCC_WARN_UNINITIALIZED_AUTOS = YES_AGGRESSIVE;
				GCC_WARN_UNUSED_FUNCTION = YES;
				GCC_WARN_UNUSED_VARIABLE = YES;
				IPHONEOS_DEPLOYMENT_TARGET = 14.4;
				MTL_ENABLE_DEBUG_INFO = INCLUDE_SOURCE;
				MTL_FAST_MATH = YES;
				ONLY_ACTIVE_ARCH = YES;
				SDKROOT = iphoneos;
				SWIFT_ACTIVE_COMPILATION_CONDITIONS = DEBUG;
				SWIFT_OPTIMIZATION_LEVEL = "-Onone";
			};
			name = Debug;
		};
		9645DB4625DAA9490099B8BC /* Release */ = {
			isa = XCBuildConfiguration;
			buildSettings = {
				ALWAYS_SEARCH_USER_PATHS = NO;
				CLANG_ANALYZER_NONNULL = YES;
				CLANG_ANALYZER_NUMBER_OBJECT_CONVERSION = YES_AGGRESSIVE;
				CLANG_CXX_LANGUAGE_STANDARD = "gnu++14";
				CLANG_CXX_LIBRARY = "libc++";
				CLANG_ENABLE_MODULES = YES;
				CLANG_ENABLE_OBJC_ARC = YES;
				CLANG_ENABLE_OBJC_WEAK = YES;
				CLANG_WARN_BLOCK_CAPTURE_AUTORELEASING = YES;
				CLANG_WARN_BOOL_CONVERSION = YES;
				CLANG_WARN_COMMA = YES;
				CLANG_WARN_CONSTANT_CONVERSION = YES;
				CLANG_WARN_DEPRECATED_OBJC_IMPLEMENTATIONS = YES;
				CLANG_WARN_DIRECT_OBJC_ISA_USAGE = YES_ERROR;
				CLANG_WARN_DOCUMENTATION_COMMENTS = YES;
				CLANG_WARN_EMPTY_BODY = YES;
				CLANG_WARN_ENUM_CONVERSION = YES;
				CLANG_WARN_INFINITE_RECURSION = YES;
				CLANG_WARN_INT_CONVERSION = YES;
				CLANG_WARN_NON_LITERAL_NULL_CONVERSION = YES;
				CLANG_WARN_OBJC_IMPLICIT_RETAIN_SELF = YES;
				CLANG_WARN_OBJC_LITERAL_CONVERSION = YES;
				CLANG_WARN_OBJC_ROOT_CLASS = YES_ERROR;
				CLANG_WARN_QUOTED_INCLUDE_IN_FRAMEWORK_HEADER = YES;
				CLANG_WARN_RANGE_LOOP_ANALYSIS = YES;
				CLANG_WARN_STRICT_PROTOTYPES = YES;
				CLANG_WARN_SUSPICIOUS_MOVE = YES;
				CLANG_WARN_UNGUARDED_AVAILABILITY = YES_AGGRESSIVE;
				CLANG_WARN_UNREACHABLE_CODE = YES;
				CLANG_WARN__DUPLICATE_METHOD_MATCH = YES;
				COPY_PHASE_STRIP = NO;
				DEBUG_INFORMATION_FORMAT = "dwarf-with-dsym";
				ENABLE_NS_ASSERTIONS = NO;
				ENABLE_STRICT_OBJC_MSGSEND = YES;
				GCC_C_LANGUAGE_STANDARD = gnu11;
				GCC_NO_COMMON_BLOCKS = YES;
				GCC_WARN_64_TO_32_BIT_CONVERSION = YES;
				GCC_WARN_ABOUT_RETURN_TYPE = YES_ERROR;
				GCC_WARN_UNDECLARED_SELECTOR = YES;
				GCC_WARN_UNINITIALIZED_AUTOS = YES_AGGRESSIVE;
				GCC_WARN_UNUSED_FUNCTION = YES;
				GCC_WARN_UNUSED_VARIABLE = YES;
				IPHONEOS_DEPLOYMENT_TARGET = 14.4;
				MTL_ENABLE_DEBUG_INFO = NO;
				MTL_FAST_MATH = YES;
				SDKROOT = iphoneos;
				SWIFT_COMPILATION_MODE = wholemodule;
				SWIFT_OPTIMIZATION_LEVEL = "-O";
				VALIDATE_PRODUCT = YES;
			};
			name = Release;
		};
		9645DB4825DAA9490099B8BC /* Debug */ = {
			isa = XCBuildConfiguration;
			buildSettings = {
				ASSETCATALOG_COMPILER_APPICON_NAME = AppIcon;
				ASSETCATALOG_COMPILER_GLOBAL_ACCENT_COLOR_NAME = AccentColor;
				CODE_SIGN_STYLE = Automatic;
				DEVELOPMENT_TEAM = 9YN493UFZE;
				INFOPLIST_FILE = GyroSensorGameSample/Info.plist;
				LD_RUNPATH_SEARCH_PATHS = (
					"$(inherited)",
					"@executable_path/Frameworks",
				);
				PRODUCT_BUNDLE_IDENTIFIER = jp.beah.GyroSensorGameSample;
				PRODUCT_NAME = "$(TARGET_NAME)";
				SWIFT_VERSION = 5.0;
				TARGETED_DEVICE_FAMILY = "1,2";
			};
			name = Debug;
		};
		9645DB4925DAA9490099B8BC /* Release */ = {
			isa = XCBuildConfiguration;
			buildSettings = {
				ASSETCATALOG_COMPILER_APPICON_NAME = AppIcon;
				ASSETCATALOG_COMPILER_GLOBAL_ACCENT_COLOR_NAME = AccentColor;
				CODE_SIGN_STYLE = Automatic;
				DEVELOPMENT_TEAM = 9YN493UFZE;
				INFOPLIST_FILE = GyroSensorGameSample/Info.plist;
				LD_RUNPATH_SEARCH_PATHS = (
					"$(inherited)",
					"@executable_path/Frameworks",
				);
				PRODUCT_BUNDLE_IDENTIFIER = jp.beah.GyroSensorGameSample;
				PRODUCT_NAME = "$(TARGET_NAME)";
				SWIFT_VERSION = 5.0;
				TARGETED_DEVICE_FAMILY = "1,2";
			};
			name = Release;
		};
		9645DB4B25DAA9490099B8BC /* Debug */ = {
			isa = XCBuildConfiguration;
			buildSettings = {
				ALWAYS_EMBED_SWIFT_STANDARD_LIBRARIES = YES;
				BUNDLE_LOADER = "$(TEST_HOST)";
				CODE_SIGN_STYLE = Automatic;
				DEVELOPMENT_TEAM = 9YN493UFZE;
				INFOPLIST_FILE = GyroSensorGameSampleTests/Info.plist;
				IPHONEOS_DEPLOYMENT_TARGET = 14.4;
				LD_RUNPATH_SEARCH_PATHS = (
					"$(inherited)",
					"@executable_path/Frameworks",
					"@loader_path/Frameworks",
				);
				PRODUCT_BUNDLE_IDENTIFIER = jp.beah.GyroSensorGameSampleTests;
				PRODUCT_NAME = "$(TARGET_NAME)";
				SWIFT_VERSION = 5.0;
				TARGETED_DEVICE_FAMILY = "1,2";
				TEST_HOST = "$(BUILT_PRODUCTS_DIR)/GyroSensorGameSample.app/GyroSensorGameSample";
			};
			name = Debug;
		};
		9645DB4C25DAA9490099B8BC /* Release */ = {
			isa = XCBuildConfiguration;
			buildSettings = {
				ALWAYS_EMBED_SWIFT_STANDARD_LIBRARIES = YES;
				BUNDLE_LOADER = "$(TEST_HOST)";
				CODE_SIGN_STYLE = Automatic;
				DEVELOPMENT_TEAM = 9YN493UFZE;
				INFOPLIST_FILE = GyroSensorGameSampleTests/Info.plist;
				IPHONEOS_DEPLOYMENT_TARGET = 14.4;
				LD_RUNPATH_SEARCH_PATHS = (
					"$(inherited)",
					"@executable_path/Frameworks",
					"@loader_path/Frameworks",
				);
				PRODUCT_BUNDLE_IDENTIFIER = jp.beah.GyroSensorGameSampleTests;
				PRODUCT_NAME = "$(TARGET_NAME)";
				SWIFT_VERSION = 5.0;
				TARGETED_DEVICE_FAMILY = "1,2";
				TEST_HOST = "$(BUILT_PRODUCTS_DIR)/GyroSensorGameSample.app/GyroSensorGameSample";
			};
			name = Release;
		};
		9645DB4E25DAA9490099B8BC /* Debug */ = {
			isa = XCBuildConfiguration;
			buildSettings = {
				ALWAYS_EMBED_SWIFT_STANDARD_LIBRARIES = YES;
				CODE_SIGN_STYLE = Automatic;
				DEVELOPMENT_TEAM = 9YN493UFZE;
				INFOPLIST_FILE = GyroSensorGameSampleUITests/Info.plist;
				LD_RUNPATH_SEARCH_PATHS = (
					"$(inherited)",
					"@executable_path/Frameworks",
					"@loader_path/Frameworks",
				);
				PRODUCT_BUNDLE_IDENTIFIER = jp.beah.GyroSensorGameSampleUITests;
				PRODUCT_NAME = "$(TARGET_NAME)";
				SWIFT_VERSION = 5.0;
				TARGETED_DEVICE_FAMILY = "1,2";
				TEST_TARGET_NAME = GyroSensorGameSample;
			};
			name = Debug;
		};
		9645DB4F25DAA9490099B8BC /* Release */ = {
			isa = XCBuildConfiguration;
			buildSettings = {
				ALWAYS_EMBED_SWIFT_STANDARD_LIBRARIES = YES;
				CODE_SIGN_STYLE = Automatic;
				DEVELOPMENT_TEAM = 9YN493UFZE;
				INFOPLIST_FILE = GyroSensorGameSampleUITests/Info.plist;
				LD_RUNPATH_SEARCH_PATHS = (
					"$(inherited)",
					"@executable_path/Frameworks",
					"@loader_path/Frameworks",
				);
				PRODUCT_BUNDLE_IDENTIFIER = jp.beah.GyroSensorGameSampleUITests;
				PRODUCT_NAME = "$(TARGET_NAME)";
				SWIFT_VERSION = 5.0;
				TARGETED_DEVICE_FAMILY = "1,2";
				TEST_TARGET_NAME = GyroSensorGameSample;
			};
			name = Release;
		};
/* End XCBuildConfiguration section */

/* Begin XCConfigurationList section */
		9645DB1825DAA9470099B8BC /* Build configuration list for PBXProject "GyroSensorGameSample" */ = {
			isa = XCConfigurationList;
			buildConfigurations = (
				9645DB4525DAA9490099B8BC /* Debug */,
				9645DB4625DAA9490099B8BC /* Release */,
			);
			defaultConfigurationIsVisible = 0;
			defaultConfigurationName = Release;
		};
		9645DB4725DAA9490099B8BC /* Build configuration list for PBXNativeTarget "GyroSensorGameSample" */ = {
			isa = XCConfigurationList;
			buildConfigurations = (
				9645DB4825DAA9490099B8BC /* Debug */,
				9645DB4925DAA9490099B8BC /* Release */,
			);
			defaultConfigurationIsVisible = 0;
			defaultConfigurationName = Release;
		};
		9645DB4A25DAA9490099B8BC /* Build configuration list for PBXNativeTarget "GyroSensorGameSampleTests" */ = {
			isa = XCConfigurationList;
			buildConfigurations = (
				9645DB4B25DAA9490099B8BC /* Debug */,
				9645DB4C25DAA9490099B8BC /* Release */,
			);
			defaultConfigurationIsVisible = 0;
			defaultConfigurationName = Release;
		};
		9645DB4D25DAA9490099B8BC /* Build configuration list for PBXNativeTarget "GyroSensorGameSampleUITests" */ = {
			isa = XCConfigurationList;
			buildConfigurations = (
				9645DB4E25DAA9490099B8BC /* Debug */,
				9645DB4F25DAA9490099B8BC /* Release */,
			);
			defaultConfigurationIsVisible = 0;
			defaultConfigurationName = Release;
		};
/* End XCConfigurationList section */
	};
	rootObject = 9645DB1525DAA9470099B8BC /* Project object */;
}
